
Microsoft Visual Studio Solution File, Format Version 12.00
# Visual Studio Version 16
VisualStudioVersion = 25.0.1704.4
MinimumVisualStudioVersion = 10.0.40219.1
Project("{FAE04EC0-301F-11D3-BF4B-00C04F79EFBC}") = "CleanArch.Infra.Data", "CleanArch.Infra.Data\CleanArch.Infra.Data.csproj", "{433BEDBA-1A9D-4F45-B2AA-E4D773C55B7E}"
EndProject
Project("{FAE04EC0-301F-11D3-BF4B-00C04F79EFBC}") = "CleanArch.Infra.IoC", "CleanArch.Infra.IoC\CleanArch.Infra.IoC.csproj", "{C6AE3375-6232-401B-9A51-05E8C919FBB3}"
EndProject
Project("{FAE04EC0-301F-11D3-BF4B-00C04F79EFBC}") = "CleanArch.Application", "CleanArch.Application\CleanArch.Application.csproj", "{99C8932D-6943-451D-A02E-A2A015BA9074}"
EndProject
Project("{FAE04EC0-301F-11D3-BF4B-00C04F79EFBC}") = "CleanArch.Domain", "CleanArch.Domain\CleanArch.Domain.csproj", "{60458AFD-31BA-49B8-BC74-C17355E88E40}"
EndProject
Project("{FAE04EC0-301F-11D3-BF4B-00C04F79EFBC}") = "CleanArch.MVC", "CleanArch.MVC\CleanArch.MVC.csproj", "{E1186F28-F856-48CA-A406-98AFB34873D8}"
EndProject
Global
	GlobalSection(SolutionConfigurationPlatforms) = preSolution
		Debug|Any CPU = Debug|Any CPU
		Release|Any CPU = Release|Any CPU
	EndGlobalSection
	GlobalSection(ProjectConfigurationPlatforms) = postSolution
		{433BEDBA-1A9D-4F45-B2AA-E4D773C55B7E}.Debug|Any CPU.ActiveCfg = Debug|Any CPU
		{433BEDBA-1A9D-4F45-B2AA-E4D773C55B7E}.Debug|Any CPU.Build.0 = Debug|Any CPU
		{433BEDBA-1A9D-4F45-B2AA-E4D773C55B7E}.Release|Any CPU.ActiveCfg = Release|Any CPU
		{433BEDBA-1A9D-4F45-B2AA-E4D773C55B7E}.Release|Any CPU.Build.0 = Release|Any CPU
		{C6AE3375-6232-401B-9A51-05E8C919FBB3}.Debug|Any CPU.ActiveCfg = Debug|Any CPU
		{C6AE3375-6232-401B-9A51-05E8C919FBB3}.Debug|Any CPU.Build.0 = Debug|Any CPU
		{C6AE3375-6232-401B-9A51-05E8C919FBB3}.Release|Any CPU.ActiveCfg = Release|Any CPU
		{C6AE3375-6232-401B-9A51-05E8C919FBB3}.Release|Any CPU.Build.0 = Release|Any CPU
		{99C8932D-6943-451D-A02E-A2A015BA9074}.Debug|Any CPU.ActiveCfg = Debug|Any CPU
		{99C8932D-6943-451D-A02E-A2A015BA9074}.Debug|Any CPU.Build.0 = Debug|Any CPU
		{99C8932D-6943-451D-A02E-A2A015BA9074}.Release|Any CPU.ActiveCfg = Release|Any CPU
		{99C8932D-6943-451D-A02E-A2A015BA9074}.Release|Any CPU.Build.0 = Release|Any CPU
		{60458AFD-31BA-49B8-BC74-C17355E88E40}.Debug|Any CPU.ActiveCfg = Debug|Any CPU
		{60458AFD-31BA-49B8-BC74-C17355E88E40}.Debug|Any CPU.Build.0 = Debug|Any CPU
		{60458AFD-31BA-49B8-BC74-C17355E88E40}.Release|Any CPU.ActiveCfg = Release|Any CPU
		{60458AFD-31BA-49B8-BC74-C17355E88E40}.Release|Any CPU.Build.0 = Release|Any CPU
		{E1186F28-F856-48CA-A406-98AFB34873D8}.Debug|Any CPU.ActiveCfg = Debug|Any CPU
		{E1186F28-F856-48CA-A406-98AFB34873D8}.Debug|Any CPU.Build.0 = Debug|Any CPU
		{E1186F28-F856-48CA-A406-98AFB34873D8}.Release|Any CPU.ActiveCfg = Release|Any CPU
		{E1186F28-F856-48CA-A406-98AFB34873D8}.Release|Any CPU.Build.0 = Release|Any CPU
	EndGlobalSection
	GlobalSection(SolutionProperties) = preSolution
		HideSolutionNode = FALSE
	EndGlobalSection
	GlobalSection(ExtensibilityGlobals) = postSolution
		SolutionGuid = {E8C6F941-C906-4158-8C60-0AA7D0F8731B}
	EndGlobalSection
EndGlobal
