
Microsoft Visual Studio Solution File, Format Version 12.00
# Visual Studio Version 16
VisualStudioVersion = 25.0.1704.3
MinimumVisualStudioVersion = 10.0.40219.1
Project("{FAE04EC0-301F-11D3-BF4B-00C04F79EFBC}") = "CleanArch.Domain", "CleanArch.Domain\CleanArch.Domain.csproj", "{6198C7B8-6BAC-4A66-8C3A-954705651E0E}"
EndProject
Project("{FAE04EC0-301F-11D3-BF4B-00C04F79EFBC}") = "CleanArch.Application", "CleanArch.Application\CleanArch.Application.csproj", "{97E0BC7D-F7CC-4AB8-AB6A-5ADA50C7CD6E}"
EndProject
Project("{FAE04EC0-301F-11D3-BF4B-00C04F79EFBC}") = "CleanArch.Infra.Data", "CleanArch.Infra.Data\CleanArch.Infra.Data.csproj", "{40BF1FAC-57B8-4C5A-8EEF-B464B67CD912}"
EndProject
Project("{FAE04EC0-301F-11D3-BF4B-00C04F79EFBC}") = "CleanArch.Infra.IoC", "CleanArch.Infra.IoC\CleanArch.Infra.IoC.csproj", "{90D07A0F-5ED0-48C2-AD65-CA25F97F2D22}"
EndProject
Project("{FAE04EC0-301F-11D3-BF4B-00C04F79EFBC}") = "CleanArch.MVC", "CleanArch.MVC\CleanArch.MVC.csproj", "{4D065AA4-D9C2-491A-A5FA-9C485B6EF1EB}"
EndProject
Global
	GlobalSection(SolutionConfigurationPlatforms) = preSolution
		Debug|Any CPU = Debug|Any CPU
		Release|Any CPU = Release|Any CPU
	EndGlobalSection
	GlobalSection(ProjectConfigurationPlatforms) = postSolution
		{6198C7B8-6BAC-4A66-8C3A-954705651E0E}.Debug|Any CPU.ActiveCfg = Debug|Any CPU
		{6198C7B8-6BAC-4A66-8C3A-954705651E0E}.Debug|Any CPU.Build.0 = Debug|Any CPU
		{6198C7B8-6BAC-4A66-8C3A-954705651E0E}.Release|Any CPU.ActiveCfg = Release|Any CPU
		{6198C7B8-6BAC-4A66-8C3A-954705651E0E}.Release|Any CPU.Build.0 = Release|Any CPU
		{97E0BC7D-F7CC-4AB8-AB6A-5ADA50C7CD6E}.Debug|Any CPU.ActiveCfg = Debug|Any CPU
		{97E0BC7D-F7CC-4AB8-AB6A-5ADA50C7CD6E}.Debug|Any CPU.Build.0 = Debug|Any CPU
		{97E0BC7D-F7CC-4AB8-AB6A-5ADA50C7CD6E}.Release|Any CPU.ActiveCfg = Release|Any CPU
		{97E0BC7D-F7CC-4AB8-AB6A-5ADA50C7CD6E}.Release|Any CPU.Build.0 = Release|Any CPU
		{40BF1FAC-57B8-4C5A-8EEF-B464B67CD912}.Debug|Any CPU.ActiveCfg = Debug|Any CPU
		{40BF1FAC-57B8-4C5A-8EEF-B464B67CD912}.Debug|Any CPU.Build.0 = Debug|Any CPU
		{40BF1FAC-57B8-4C5A-8EEF-B464B67CD912}.Release|Any CPU.ActiveCfg = Release|Any CPU
		{40BF1FAC-57B8-4C5A-8EEF-B464B67CD912}.Release|Any CPU.Build.0 = Release|Any CPU
		{90D07A0F-5ED0-48C2-AD65-CA25F97F2D22}.Debug|Any CPU.ActiveCfg = Debug|Any CPU
		{90D07A0F-5ED0-48C2-AD65-CA25F97F2D22}.Debug|Any CPU.Build.0 = Debug|Any CPU
		{90D07A0F-5ED0-48C2-AD65-CA25F97F2D22}.Release|Any CPU.ActiveCfg = Release|Any CPU
		{90D07A0F-5ED0-48C2-AD65-CA25F97F2D22}.Release|Any CPU.Build.0 = Release|Any CPU
		{4D065AA4-D9C2-491A-A5FA-9C485B6EF1EB}.Debug|Any CPU.ActiveCfg = Debug|Any CPU
		{4D065AA4-D9C2-491A-A5FA-9C485B6EF1EB}.Debug|Any CPU.Build.0 = Debug|Any CPU
		{4D065AA4-D9C2-491A-A5FA-9C485B6EF1EB}.Release|Any CPU.ActiveCfg = Release|Any CPU
		{4D065AA4-D9C2-491A-A5FA-9C485B6EF1EB}.Release|Any CPU.Build.0 = Release|Any CPU
	EndGlobalSection
	GlobalSection(SolutionProperties) = preSolution
		HideSolutionNode = FALSE
	EndGlobalSection
	GlobalSection(ExtensibilityGlobals) = postSolution
		SolutionGuid = {9C4B2E1E-64B8-4CDD-AA3C-33950D2BC706}
	EndGlobalSection
EndGlobal
